
Microsoft Visual Studio Solution File, Format Version 12.00
# Visual Studio 15
VisualStudioVersion = 15.0.26124.0
MinimumVisualStudioVersion = 15.0.26124.0
Project("{FAE04EC0-301F-11D3-BF4B-00C04F79EFBC}") = "MinecraftCommander.MinecraftWindowControllerPackage", "MinecraftCommander.MinecraftWindowControllerPackage\MinecraftCommander.MinecraftWindowControllerPackage.csproj", "{747DACA2-1952-49B3-A12C-0850AE559956}"
EndProject
Project("{FAE04EC0-301F-11D3-BF4B-00C04F79EFBC}") = "MinecraftCommander.MinecraftWindowControllerPackage.Test", "MinecraftCommander.MinecraftWindowControllerPackage.Test\MinecraftCommander.MinecraftWindowControllerPackage.Test.csproj", "{0FF1448D-621E-440F-AAE1-5E096E2E5625}"
EndProject
Project("{FAE04EC0-301F-11D3-BF4B-00C04F79EFBC}") = "MinecraftCommander.UI.TerminalProject", "MinecraftCommander.UI.TerminalPackage\MinecraftCommander.UI.TerminalProject.csproj", "{467F19E8-97D7-46AA-AD52-6E16D58947BB}"
EndProject
Project("{FAE04EC0-301F-11D3-BF4B-00C04F79EFBC}") = "MinecraftCommander.UI.TerminalPackage.Test", "MinecraftCommander.UI.TerminalPackage.Test\MinecraftCommander.UI.TerminalPackage.Test.csproj", "{9E0BE86F-31CA-411F-BC7B-A9C854943D58}"
EndProject
Project("{FAE04EC0-301F-11D3-BF4B-00C04F79EFBC}") = "ShellAdapterPackage", "ShellAdapterPackage\ShellAdapterPackage.csproj", "{96A609C2-AA7F-46B2-9C82-81FB89A07E23}"
EndProject
Project("{FAE04EC0-301F-11D3-BF4B-00C04F79EFBC}") = "ShellAdapterPackage.Test", "ShellAdapterPackage.Test\ShellAdapterPackage.Test.csproj", "{17382650-A76E-4743-99B8-20661857EB98}"
EndProject
Project("{FAE04EC0-301F-11D3-BF4B-00C04F79EFBC}") = "WindowCommanderPackage", "WindowCommanderPackage\WindowCommanderPackage.csproj", "{7E2D43C8-0468-43FF-9533-E15B973BCAED}"
EndProject
Project("{FAE04EC0-301F-11D3-BF4B-00C04F79EFBC}") = "WindowCommanderPackage.Test", "WindowCommanderPackage.Test\WindowCommanderPackage.Test.csproj", "{65E54202-D1D0-4CE9-8D53-5663E5182BA4}"
EndProject
Global
	GlobalSection(SolutionProperties) = preSolution
		HideSolutionNode = FALSE
	EndGlobalSection
	GlobalSection(SolutionConfigurationPlatforms) = preSolution
		Debug|Any CPU = Debug|Any CPU
		Debug|x64 = Debug|x64
		Debug|x86 = Debug|x86
		Release|Any CPU = Release|Any CPU
		Release|x64 = Release|x64
		Release|x86 = Release|x86
	EndGlobalSection
	GlobalSection(ProjectConfigurationPlatforms) = postSolution
		{747DACA2-1952-49B3-A12C-0850AE559956}.Debug|Any CPU.ActiveCfg = Debug|Any CPU
		{747DACA2-1952-49B3-A12C-0850AE559956}.Debug|Any CPU.Build.0 = Debug|Any CPU
		{747DACA2-1952-49B3-A12C-0850AE559956}.Debug|x64.ActiveCfg = Debug|Any CPU
		{747DACA2-1952-49B3-A12C-0850AE559956}.Debug|x64.Build.0 = Debug|Any CPU
		{747DACA2-1952-49B3-A12C-0850AE559956}.Debug|x86.ActiveCfg = Debug|Any CPU
		{747DACA2-1952-49B3-A12C-0850AE559956}.Debug|x86.Build.0 = Debug|Any CPU
		{747DACA2-1952-49B3-A12C-0850AE559956}.Release|Any CPU.ActiveCfg = Release|Any CPU
		{747DACA2-1952-49B3-A12C-0850AE559956}.Release|Any CPU.Build.0 = Release|Any CPU
		{747DACA2-1952-49B3-A12C-0850AE559956}.Release|x64.ActiveCfg = Release|Any CPU
		{747DACA2-1952-49B3-A12C-0850AE559956}.Release|x64.Build.0 = Release|Any CPU
		{747DACA2-1952-49B3-A12C-0850AE559956}.Release|x86.ActiveCfg = Release|Any CPU
		{747DACA2-1952-49B3-A12C-0850AE559956}.Release|x86.Build.0 = Release|Any CPU
		{0FF1448D-621E-440F-AAE1-5E096E2E5625}.Debug|Any CPU.ActiveCfg = Debug|Any CPU
		{0FF1448D-621E-440F-AAE1-5E096E2E5625}.Debug|Any CPU.Build.0 = Debug|Any CPU
		{0FF1448D-621E-440F-AAE1-5E096E2E5625}.Debug|x64.ActiveCfg = Debug|Any CPU
		{0FF1448D-621E-440F-AAE1-5E096E2E5625}.Debug|x64.Build.0 = Debug|Any CPU
		{0FF1448D-621E-440F-AAE1-5E096E2E5625}.Debug|x86.ActiveCfg = Debug|Any CPU
		{0FF1448D-621E-440F-AAE1-5E096E2E5625}.Debug|x86.Build.0 = Debug|Any CPU
		{0FF1448D-621E-440F-AAE1-5E096E2E5625}.Release|Any CPU.ActiveCfg = Release|Any CPU
		{0FF1448D-621E-440F-AAE1-5E096E2E5625}.Release|Any CPU.Build.0 = Release|Any CPU
		{0FF1448D-621E-440F-AAE1-5E096E2E5625}.Release|x64.ActiveCfg = Release|Any CPU
		{0FF1448D-621E-440F-AAE1-5E096E2E5625}.Release|x64.Build.0 = Release|Any CPU
		{0FF1448D-621E-440F-AAE1-5E096E2E5625}.Release|x86.ActiveCfg = Release|Any CPU
		{0FF1448D-621E-440F-AAE1-5E096E2E5625}.Release|x86.Build.0 = Release|Any CPU
		{467F19E8-97D7-46AA-AD52-6E16D58947BB}.Debug|Any CPU.ActiveCfg = Debug|Any CPU
		{467F19E8-97D7-46AA-AD52-6E16D58947BB}.Debug|Any CPU.Build.0 = Debug|Any CPU
		{467F19E8-97D7-46AA-AD52-6E16D58947BB}.Debug|x64.ActiveCfg = Debug|Any CPU
		{467F19E8-97D7-46AA-AD52-6E16D58947BB}.Debug|x64.Build.0 = Debug|Any CPU
		{467F19E8-97D7-46AA-AD52-6E16D58947BB}.Debug|x86.ActiveCfg = Debug|Any CPU
		{467F19E8-97D7-46AA-AD52-6E16D58947BB}.Debug|x86.Build.0 = Debug|Any CPU
		{467F19E8-97D7-46AA-AD52-6E16D58947BB}.Release|Any CPU.ActiveCfg = Release|Any CPU
		{467F19E8-97D7-46AA-AD52-6E16D58947BB}.Release|Any CPU.Build.0 = Release|Any CPU
		{467F19E8-97D7-46AA-AD52-6E16D58947BB}.Release|x64.ActiveCfg = Release|Any CPU
		{467F19E8-97D7-46AA-AD52-6E16D58947BB}.Release|x64.Build.0 = Release|Any CPU
		{467F19E8-97D7-46AA-AD52-6E16D58947BB}.Release|x86.ActiveCfg = Release|Any CPU
		{467F19E8-97D7-46AA-AD52-6E16D58947BB}.Release|x86.Build.0 = Release|Any CPU
		{9E0BE86F-31CA-411F-BC7B-A9C854943D58}.Debug|Any CPU.ActiveCfg = Debug|Any CPU
		{9E0BE86F-31CA-411F-BC7B-A9C854943D58}.Debug|Any CPU.Build.0 = Debug|Any CPU
		{9E0BE86F-31CA-411F-BC7B-A9C854943D58}.Debug|x64.ActiveCfg = Debug|Any CPU
		{9E0BE86F-31CA-411F-BC7B-A9C854943D58}.Debug|x64.Build.0 = Debug|Any CPU
		{9E0BE86F-31CA-411F-BC7B-A9C854943D58}.Debug|x86.ActiveCfg = Debug|Any CPU
		{9E0BE86F-31CA-411F-BC7B-A9C854943D58}.Debug|x86.Build.0 = Debug|Any CPU
		{9E0BE86F-31CA-411F-BC7B-A9C854943D58}.Release|Any CPU.ActiveCfg = Release|Any CPU
		{9E0BE86F-31CA-411F-BC7B-A9C854943D58}.Release|Any CPU.Build.0 = Release|Any CPU
		{9E0BE86F-31CA-411F-BC7B-A9C854943D58}.Release|x64.ActiveCfg = Release|Any CPU
		{9E0BE86F-31CA-411F-BC7B-A9C854943D58}.Release|x64.Build.0 = Release|Any CPU
		{9E0BE86F-31CA-411F-BC7B-A9C854943D58}.Release|x86.ActiveCfg = Release|Any CPU
		{9E0BE86F-31CA-411F-BC7B-A9C854943D58}.Release|x86.Build.0 = Release|Any CPU
		{96A609C2-AA7F-46B2-9C82-81FB89A07E23}.Debug|Any CPU.ActiveCfg = Debug|Any CPU
		{96A609C2-AA7F-46B2-9C82-81FB89A07E23}.Debug|Any CPU.Build.0 = Debug|Any CPU
		{96A609C2-AA7F-46B2-9C82-81FB89A07E23}.Debug|x64.ActiveCfg = Debug|Any CPU
		{96A609C2-AA7F-46B2-9C82-81FB89A07E23}.Debug|x64.Build.0 = Debug|Any CPU
		{96A609C2-AA7F-46B2-9C82-81FB89A07E23}.Debug|x86.ActiveCfg = Debug|Any CPU
		{96A609C2-AA7F-46B2-9C82-81FB89A07E23}.Debug|x86.Build.0 = Debug|Any CPU
		{96A609C2-AA7F-46B2-9C82-81FB89A07E23}.Release|Any CPU.ActiveCfg = Release|Any CPU
		{96A609C2-AA7F-46B2-9C82-81FB89A07E23}.Release|Any CPU.Build.0 = Release|Any CPU
		{96A609C2-AA7F-46B2-9C82-81FB89A07E23}.Release|x64.ActiveCfg = Release|Any CPU
		{96A609C2-AA7F-46B2-9C82-81FB89A07E23}.Release|x64.Build.0 = Release|Any CPU
		{96A609C2-AA7F-46B2-9C82-81FB89A07E23}.Release|x86.ActiveCfg = Release|Any CPU
		{96A609C2-AA7F-46B2-9C82-81FB89A07E23}.Release|x86.Build.0 = Release|Any CPU
		{17382650-A76E-4743-99B8-20661857EB98}.Debug|Any CPU.ActiveCfg = Debug|Any CPU
		{17382650-A76E-4743-99B8-20661857EB98}.Debug|Any CPU.Build.0 = Debug|Any CPU
		{17382650-A76E-4743-99B8-20661857EB98}.Debug|x64.ActiveCfg = Debug|Any CPU
		{17382650-A76E-4743-99B8-20661857EB98}.Debug|x64.Build.0 = Debug|Any CPU
		{17382650-A76E-4743-99B8-20661857EB98}.Debug|x86.ActiveCfg = Debug|Any CPU
		{17382650-A76E-4743-99B8-20661857EB98}.Debug|x86.Build.0 = Debug|Any CPU
		{17382650-A76E-4743-99B8-20661857EB98}.Release|Any CPU.ActiveCfg = Release|Any CPU
		{17382650-A76E-4743-99B8-20661857EB98}.Release|Any CPU.Build.0 = Release|Any CPU
		{17382650-A76E-4743-99B8-20661857EB98}.Release|x64.ActiveCfg = Release|Any CPU
		{17382650-A76E-4743-99B8-20661857EB98}.Release|x64.Build.0 = Release|Any CPU
		{17382650-A76E-4743-99B8-20661857EB98}.Release|x86.ActiveCfg = Release|Any CPU
		{17382650-A76E-4743-99B8-20661857EB98}.Release|x86.Build.0 = Release|Any CPU
		{7E2D43C8-0468-43FF-9533-E15B973BCAED}.Debug|Any CPU.ActiveCfg = Debug|Any CPU
		{7E2D43C8-0468-43FF-9533-E15B973BCAED}.Debug|Any CPU.Build.0 = Debug|Any CPU
		{7E2D43C8-0468-43FF-9533-E15B973BCAED}.Debug|x64.ActiveCfg = Debug|Any CPU
		{7E2D43C8-0468-43FF-9533-E15B973BCAED}.Debug|x64.Build.0 = Debug|Any CPU
		{7E2D43C8-0468-43FF-9533-E15B973BCAED}.Debug|x86.ActiveCfg = Debug|Any CPU
		{7E2D43C8-0468-43FF-9533-E15B973BCAED}.Debug|x86.Build.0 = Debug|Any CPU
		{7E2D43C8-0468-43FF-9533-E15B973BCAED}.Release|Any CPU.ActiveCfg = Release|Any CPU
		{7E2D43C8-0468-43FF-9533-E15B973BCAED}.Release|Any CPU.Build.0 = Release|Any CPU
		{7E2D43C8-0468-43FF-9533-E15B973BCAED}.Release|x64.ActiveCfg = Release|Any CPU
		{7E2D43C8-0468-43FF-9533-E15B973BCAED}.Release|x64.Build.0 = Release|Any CPU
		{7E2D43C8-0468-43FF-9533-E15B973BCAED}.Release|x86.ActiveCfg = Release|Any CPU
		{7E2D43C8-0468-43FF-9533-E15B973BCAED}.Release|x86.Build.0 = Release|Any CPU
		{65E54202-D1D0-4CE9-8D53-5663E5182BA4}.Debug|Any CPU.ActiveCfg = Debug|Any CPU
		{65E54202-D1D0-4CE9-8D53-5663E5182BA4}.Debug|Any CPU.Build.0 = Debug|Any CPU
		{65E54202-D1D0-4CE9-8D53-5663E5182BA4}.Debug|x64.ActiveCfg = Debug|Any CPU
		{65E54202-D1D0-4CE9-8D53-5663E5182BA4}.Debug|x64.Build.0 = Debug|Any CPU
		{65E54202-D1D0-4CE9-8D53-5663E5182BA4}.Debug|x86.ActiveCfg = Debug|Any CPU
		{65E54202-D1D0-4CE9-8D53-5663E5182BA4}.Debug|x86.Build.0 = Debug|Any CPU
		{65E54202-D1D0-4CE9-8D53-5663E5182BA4}.Release|Any CPU.ActiveCfg = Release|Any CPU
		{65E54202-D1D0-4CE9-8D53-5663E5182BA4}.Release|Any CPU.Build.0 = Release|Any CPU
		{65E54202-D1D0-4CE9-8D53-5663E5182BA4}.Release|x64.ActiveCfg = Release|Any CPU
		{65E54202-D1D0-4CE9-8D53-5663E5182BA4}.Release|x64.Build.0 = Release|Any CPU
		{65E54202-D1D0-4CE9-8D53-5663E5182BA4}.Release|x86.ActiveCfg = Release|Any CPU
		{65E54202-D1D0-4CE9-8D53-5663E5182BA4}.Release|x86.Build.0 = Release|Any CPU
	EndGlobalSection
EndGlobal
